{
  "version": 4,
  "terraform_version": "1.14.5",
  "serial": 19,
  "lineage": "e1ccf784-dba9-2ef4-f0b6-c3eaf60ca83a",
  "outputs": {},
  "resources": [
    {
      "mode": "managed",
      "type": "local_file",
      "name": "example",
      "provider": "provider[\"registry.terraform.io/hashicorp/local\"]",
      "instances": [
        {
          "schema_version": 0,
          "attributes": {
            "content": "john doe",
            "content_base64": null,
            "content_base64sha256": "lIkABfOyEXo1PacmAllTGHjK5PVBv1mZhRGIfR8CIaU=",
            "content_base64sha512": "q9jfY7gebjCqjgn8wN/3VaJwQxgagCX7+cVC+LufZKahNpOEx+gu9PQ+vfp5nGN6wIVeGW4bhWtbvsPdaZPwug==",
            "content_md5": "320b8e6bef45211f0f57b618925f4193",
            "content_sha1": "fa0688a33f549f434a2802febc34e6ed8d6d0de8",
            "content_sha256": "94890005f3b2117a353da7260259531878cae4f541bf59998511887d1f0221a5",
            "content_sha512": "abd8df63b81e6e30aa8e09fcc0dff755a27043181a8025fbf9c542f8bb9f64a6a1369384c7e82ef4f43ebdfa799c637ac0855e196e1b856b5bbec3dd6993f0ba",
            "directory_permission": "0777",
            "file_permission": "0777",
            "filename": "example.txt",
            "id": "fa0688a33f549f434a2802febc34e6ed8d6d0de8",
            "sensitive_content": null,
            "source": null
          },
          "sensitive_attributes": [
            [
              {
                "type": "get_attr",
                "value": "sensitive_content"
              }
            ]
          ],
          "identity_schema_version": 0
        }
      ]
    }
  ],
  "check_results": null
}
