{
  "version": 4,
  "terraform_version": "1.14.5",
  "serial": 7,
  "lineage": "e1ccf784-dba9-2ef4-f0b6-c3eaf60ca83a",
  "outputs": {},
  "resources": [
    {
      "mode": "managed",
      "type": "local_file",
      "name": "example",
      "provider": "provider[\"registry.terraform.io/hashicorp/local\"]",
      "instances": [
        {
          "schema_version": 0,
          "attributes": {
            "content": "This came from a variable",
            "content_base64": null,
            "content_base64sha256": "0vII4wwA1K5B0M250XzwxL5HJIxLpQYEvILOTu9pGHY=",
            "content_base64sha512": "YfuGq+Tq6N6sYxnWRdwqhxmOYCIUumZiORZ8KfYfg3iCHhPP9Aoe4hAhxr6oENTQoohzsXU5S//DEV9VbUskBA==",
            "content_md5": "122d8b896b93f2ae8f16396c3e415e33",
            "content_sha1": "04e7ac0162fa679df81edcf85ecbd2e1319f7fdf",
            "content_sha256": "d2f208e30c00d4ae41d0cdb9d17cf0c4be47248c4ba50604bc82ce4eef691876",
            "content_sha512": "61fb86abe4eae8deac6319d645dc2a87198e602214ba666239167c29f61f8378821e13cff40a1ee21021c6bea810d4d0a28873b175394bffc3115f556d4b2404",
            "directory_permission": "0777",
            "file_permission": "0777",
            "filename": "example.txt",
            "id": "04e7ac0162fa679df81edcf85ecbd2e1319f7fdf",
            "sensitive_content": null,
            "source": null
          },
          "sensitive_attributes": [
            [
              {
                "type": "get_attr",
                "value": "sensitive_content"
              }
            ]
          ],
          "identity_schema_version": 0
        }
      ]
    }
  ],
  "check_results": null
}
