{
  "version": 4,
  "terraform_version": "1.14.5",
  "serial": 1,
  "lineage": "e1ccf784-dba9-2ef4-f0b6-c3eaf60ca83a",
  "outputs": {},
  "resources": [
    {
      "mode": "managed",
      "type": "local_file",
      "name": "example",
      "provider": "provider[\"registry.terraform.io/hashicorp/local\"]",
      "instances": [
        {
          "schema_version": 0,
          "attributes": {
            "content": "This is an example of a local file created by Terraform.",
            "content_base64": null,
            "content_base64sha256": "klWvmeYNWoKlV0ScXxCcZLlAB5epLnBdjN5HJ+1RTI4=",
            "content_base64sha512": "Tm+KtS9vUeldRjHyS539lo27g7pop8qM4xz8KnexGpNGUu89oaaavG1TYsJpGJupvRAcy55r+7TUjoaX9VrZBA==",
            "content_md5": "fb942ffe63d0d3ee113ed1059582b167",
            "content_sha1": "27ab80800d8909175ffcb4b9d37a52baf7c4f5d3",
            "content_sha256": "9255af99e60d5a82a557449c5f109c64b9400797a92e705d8cde4727ed514c8e",
            "content_sha512": "4e6f8ab52f6f51e95d4631f24b9dfd968dbb83ba68a7ca8ce31cfc2a77b11a934652ef3da1a69abc6d5362c269189ba9bd101ccb9e6bfbb4d48e8697f55ad904",
            "directory_permission": "0777",
            "file_permission": "0777",
            "filename": "example.txt",
            "id": "27ab80800d8909175ffcb4b9d37a52baf7c4f5d3",
            "sensitive_content": null,
            "source": null
          },
          "sensitive_attributes": [
            [
              {
                "type": "get_attr",
                "value": "sensitive_content"
              }
            ]
          ],
          "identity_schema_version": 0
        }
      ]
    }
  ],
  "check_results": null
}
